// !$*UTF8*$!
{
	archiveVersion = 1;
	classes = {
	};
	objectVersion = 56;
	objects = {

/* Begin PBXBuildFile section */
		4718BDF42BD54CF60081C625 /* MoonshotApp.swift in Sources */ = {isa = PBXBuildFile; fileRef = 4718BDF32BD54CF60081C625 /* MoonshotApp.swift */; };
		4718BDF62BD54CF60081C625 /* ContentView.swift in Sources */ = {isa = PBXBuildFile; fileRef = 4718BDF52BD54CF60081C625 /* ContentView.swift */; };
		4718BDF82BD54CF70081C625 /* Assets.xcassets in Resources */ = {isa = PBXBuildFile; fileRef = 4718BDF72BD54CF70081C625 /* Assets.xcassets */; };
		4718BDFB2BD54CF70081C625 /* Preview Assets.xcassets in Resources */ = {isa = PBXBuildFile; fileRef = 4718BDFA2BD54CF70081C625 /* Preview Assets.xcassets */; };
		4718BE032BD6ABDA0081C625 /* missions.json in Resources */ = {isa = PBXBuildFile; fileRef = 4718BE012BD6ABDA0081C625 /* missions.json */; };
		4718BE042BD6ABDA0081C625 /* astronauts.json in Resources */ = {isa = PBXBuildFile; fileRef = 4718BE022BD6ABDA0081C625 /* astronauts.json */; };
		4718BE062BD6AC600081C625 /* Astronaut.swift in Sources */ = {isa = PBXBuildFile; fileRef = 4718BE052BD6AC600081C625 /* Astronaut.swift */; };
		4718BE082BD6AE940081C625 /* Bundle-Decodable.swift in Sources */ = {isa = PBXBuildFile; fileRef = 4718BE072BD6AE940081C625 /* Bundle-Decodable.swift */; };
		4718BE0A2BD6B3790081C625 /* Mission.swift in Sources */ = {isa = PBXBuildFile; fileRef = 4718BE092BD6B3790081C625 /* Mission.swift */; };
		4718BE0C2BD6B9370081C625 /* Color-Theme.swift in Sources */ = {isa = PBXBuildFile; fileRef = 4718BE0B2BD6B9370081C625 /* Color-Theme.swift */; };
		4718BE0E2BD7F7F60081C625 /* MissionView.swift in Sources */ = {isa = PBXBuildFile; fileRef = 4718BE0D2BD7F7F60081C625 /* MissionView.swift */; };
		4718BE102BD802F40081C625 /* AstronautView.swift in Sources */ = {isa = PBXBuildFile; fileRef = 4718BE0F2BD802F40081C625 /* AstronautView.swift */; };
		4718BE142BD941C20081C625 /* DividerView.swift in Sources */ = {isa = PBXBuildFile; fileRef = 4718BE132BD941C20081C625 /* DividerView.swift */; };
		4718BE162BD942280081C625 /* MissionHighlightView.swift in Sources */ = {isa = PBXBuildFile; fileRef = 4718BE152BD942280081C625 /* MissionHighlightView.swift */; };
		4718BE182BD94F530081C625 /* GridLayout.swift in Sources */ = {isa = PBXBuildFile; fileRef = 4718BE172BD94F530081C625 /* GridLayout.swift */; };
		4718BE1A2BD950E80081C625 /* ListLayout.swift in Sources */ = {isa = PBXBuildFile; fileRef = 4718BE192BD950E80081C625 /* ListLayout.swift */; };
/* End PBXBuildFile section */

/* Begin PBXFileReference section */
		4718BDF02BD54CF60081C625 /* Moonshot.app */ = {isa = PBXFileReference; explicitFileType = wrapper.application; includeInIndex = 0; path = Moonshot.app; sourceTree = BUILT_PRODUCTS_DIR; };
		4718BDF32BD54CF60081C625 /* MoonshotApp.swift */ = {isa = PBXFileReference; lastKnownFileType = sourcecode.swift; path = MoonshotApp.swift; sourceTree = "<group>"; };
		4718BDF52BD54CF60081C625 /* ContentView.swift */ = {isa = PBXFileReference; lastKnownFileType = sourcecode.swift; path = ContentView.swift; sourceTree = "<group>"; };
		4718BDF72BD54CF70081C625 /* Assets.xcassets */ = {isa = PBXFileReference; lastKnownFileType = folder.assetcatalog; path = Assets.xcassets; sourceTree = "<group>"; };
		4718BDFA2BD54CF70081C625 /* Preview Assets.xcassets */ = {isa = PBXFileReference; lastKnownFileType = folder.assetcatalog; path = "Preview Assets.xcassets"; sourceTree = "<group>"; };
		4718BE012BD6ABDA0081C625 /* missions.json */ = {isa = PBXFileReference; fileEncoding = 4; lastKnownFileType = text.json; path = missions.json; sourceTree = "<group>"; };
		4718BE022BD6ABDA0081C625 /* astronauts.json */ = {isa = PBXFileReference; fileEncoding = 4; lastKnownFileType = text.json; path = astronauts.json; sourceTree = "<group>"; };
		4718BE052BD6AC600081C625 /* Astronaut.swift */ = {isa = PBXFileReference; lastKnownFileType = sourcecode.swift; path = Astronaut.swift; sourceTree = "<group>"; };
		4718BE072BD6AE940081C625 /* Bundle-Decodable.swift */ = {isa = PBXFileReference; lastKnownFileType = sourcecode.swift; path = "Bundle-Decodable.swift"; sourceTree = "<group>"; };
		4718BE092BD6B3790081C625 /* Mission.swift */ = {isa = PBXFileReference; lastKnownFileType = sourcecode.swift; path = Mission.swift; sourceTree = "<group>"; };
		4718BE0B2BD6B9370081C625 /* Color-Theme.swift */ = {isa = PBXFileReference; lastKnownFileType = sourcecode.swift; path = "Color-Theme.swift"; sourceTree = "<group>"; };
		4718BE0D2BD7F7F60081C625 /* MissionView.swift */ = {isa = PBXFileReference; lastKnownFileType = sourcecode.swift; path = MissionView.swift; sourceTree = "<group>"; };
		4718BE0F2BD802F40081C625 /* AstronautView.swift */ = {isa = PBXFileReference; lastKnownFileType = sourcecode.swift; path = AstronautView.swift; sourceTree = "<group>"; };
		4718BE132BD941C20081C625 /* DividerView.swift */ = {isa = PBXFileReference; lastKnownFileType = sourcecode.swift; path = DividerView.swift; sourceTree = "<group>"; };
		4718BE152BD942280081C625 /* MissionHighlightView.swift */ = {isa = PBXFileReference; lastKnownFileType = sourcecode.swift; path = MissionHighlightView.swift; sourceTree = "<group>"; };
		4718BE172BD94F530081C625 /* GridLayout.swift */ = {isa = PBXFileReference; lastKnownFileType = sourcecode.swift; path = GridLayout.swift; sourceTree = "<group>"; };
		4718BE192BD950E80081C625 /* ListLayout.swift */ = {isa = PBXFileReference; lastKnownFileType = sourcecode.swift; path = ListLayout.swift; sourceTree = "<group>"; };
/* End PBXFileReference section */

/* Begin PBXFrameworksBuildPhase section */
		4718BDED2BD54CF60081C625 /* Frameworks */ = {
			isa = PBXFrameworksBuildPhase;
			buildActionMask = 2147483647;
			files = (
			);
			runOnlyForDeploymentPostprocessing = 0;
		};
/* End PBXFrameworksBuildPhase section */

/* Begin PBXGroup section */
		4718BDE72BD54CF60081C625 = {
			isa = PBXGroup;
			children = (
				4718BDF22BD54CF60081C625 /* Moonshot */,
				4718BDF12BD54CF60081C625 /* Products */,
			);
			sourceTree = "<group>";
		};
		4718BDF12BD54CF60081C625 /* Products */ = {
			isa = PBXGroup;
			children = (
				4718BDF02BD54CF60081C625 /* Moonshot.app */,
			);
			name = Products;
			sourceTree = "<group>";
		};
		4718BDF22BD54CF60081C625 /* Moonshot */ = {
			isa = PBXGroup;
			children = (
				4718BDF32BD54CF60081C625 /* MoonshotApp.swift */,
				4718BDF52BD54CF60081C625 /* ContentView.swift */,
				4718BE172BD94F530081C625 /* GridLayout.swift */,
				4718BE0D2BD7F7F60081C625 /* MissionView.swift */,
				4718BE152BD942280081C625 /* MissionHighlightView.swift */,
				4718BE192BD950E80081C625 /* ListLayout.swift */,
				4718BE132BD941C20081C625 /* DividerView.swift */,
				4718BE0F2BD802F40081C625 /* AstronautView.swift */,
				4718BE0B2BD6B9370081C625 /* Color-Theme.swift */,
				4718BE022BD6ABDA0081C625 /* astronauts.json */,
				4718BE052BD6AC600081C625 /* Astronaut.swift */,
				4718BE072BD6AE940081C625 /* Bundle-Decodable.swift */,
				4718BE092BD6B3790081C625 /* Mission.swift */,
				4718BE012BD6ABDA0081C625 /* missions.json */,
				4718BDF72BD54CF70081C625 /* Assets.xcassets */,
				4718BDF92BD54CF70081C625 /* Preview Content */,
			);
			path = Moonshot;
			sourceTree = "<group>";
		};
		4718BDF92BD54CF70081C625 /* Preview Content */ = {
			isa = PBXGroup;
			children = (
				4718BDFA2BD54CF70081C625 /* Preview Assets.xcassets */,
			);
			path = "Preview Content";
			sourceTree = "<group>";
		};
/* End PBXGroup section */

/* Begin PBXNativeTarget section */
		4718BDEF2BD54CF60081C625 /* Moonshot */ = {
			isa = PBXNativeTarget;
			buildConfigurationList = 4718BDFE2BD54CF70081C625 /* Build configuration list for PBXNativeTarget "Moonshot" */;
			buildPhases = (
				4718BDEC2BD54CF60081C625 /* Sources */,
				4718BDED2BD54CF60081C625 /* Frameworks */,
				4718BDEE2BD54CF60081C625 /* Resources */,
			);
			buildRules = (
			);
			dependencies = (
			);
			name = Moonshot;
			productName = Moonshot;
			productReference = 4718BDF02BD54CF60081C625 /* Moonshot.app */;
			productType = "com.apple.product-type.application";
		};
/* End PBXNativeTarget section */

/* Begin PBXProject section */
		4718BDE82BD54CF60081C625 /* Project object */ = {
			isa = PBXProject;
			attributes = {
				BuildIndependentTargetsInParallel = 1;
				LastSwiftUpdateCheck = 1530;
				LastUpgradeCheck = 1530;
				TargetAttributes = {
					4718BDEF2BD54CF60081C625 = {
						CreatedOnToolsVersion = 15.3;
					};
				};
			};
			buildConfigurationList = 4718BDEB2BD54CF60081C625 /* Build configuration list for PBXProject "Moonshot" */;
			compatibilityVersion = "Xcode 14.0";
			developmentRegion = en;
			hasScannedForEncodings = 0;
			knownRegions = (
				en,
				Base,
			);
			mainGroup = 4718BDE72BD54CF60081C625;
			productRefGroup = 4718BDF12BD54CF60081C625 /* Products */;
			projectDirPath = "";
			projectRoot = "";
			targets = (
				4718BDEF2BD54CF60081C625 /* Moonshot */,
			);
		};
/* End PBXProject section */

/* Begin PBXResourcesBuildPhase section */
		4718BDEE2BD54CF60081C625 /* Resources */ = {
			isa = PBXResourcesBuildPhase;
			buildActionMask = 2147483647;
			files = (
				4718BDFB2BD54CF70081C625 /* Preview Assets.xcassets in Resources */,
				4718BE032BD6ABDA0081C625 /* missions.json in Resources */,
				4718BDF82BD54CF70081C625 /* Assets.xcassets in Resources */,
				4718BE042BD6ABDA0081C625 /* astronauts.json in Resources */,
			);
			runOnlyForDeploymentPostprocessing = 0;
		};
/* End PBXResourcesBuildPhase section */

/* Begin PBXSourcesBuildPhase section */
		4718BDEC2BD54CF60081C625 /* Sources */ = {
			isa = PBXSourcesBuildPhase;
			buildActionMask = 2147483647;
			files = (
				4718BE0E2BD7F7F60081C625 /* MissionView.swift in Sources */,
				4718BE142BD941C20081C625 /* DividerView.swift in Sources */,
				4718BE062BD6AC600081C625 /* Astronaut.swift in Sources */,
				4718BE102BD802F40081C625 /* AstronautView.swift in Sources */,
				4718BE0C2BD6B9370081C625 /* Color-Theme.swift in Sources */,
				4718BDF62BD54CF60081C625 /* ContentView.swift in Sources */,
				4718BDF42BD54CF60081C625 /* MoonshotApp.swift in Sources */,
				4718BE0A2BD6B3790081C625 /* Mission.swift in Sources */,
				4718BE162BD942280081C625 /* MissionHighlightView.swift in Sources */,
				4718BE1A2BD950E80081C625 /* ListLayout.swift in Sources */,
				4718BE082BD6AE940081C625 /* Bundle-Decodable.swift in Sources */,
				4718BE182BD94F530081C625 /* GridLayout.swift in Sources */,
			);
			runOnlyForDeploymentPostprocessing = 0;
		};
/* End PBXSourcesBuildPhase section */

/* Begin XCBuildConfiguration section */
		4718BDFC2BD54CF70081C625 /* Debug */ = {
			isa = XCBuildConfiguration;
			buildSettings = {
				ALWAYS_SEARCH_USER_PATHS = NO;
				ASSETCATALOG_COMPILER_GENERATE_SWIFT_ASSET_SYMBOL_EXTENSIONS = YES;
				CLANG_ANALYZER_NONNULL = YES;
				CLANG_ANALYZER_NUMBER_OBJECT_CONVERSION = YES_AGGRESSIVE;
				CLANG_CXX_LANGUAGE_STANDARD = "gnu++20";
				CLANG_ENABLE_MODULES = YES;
				CLANG_ENABLE_OBJC_ARC = YES;
				CLANG_ENABLE_OBJC_WEAK = YES;
				CLANG_WARN_BLOCK_CAPTURE_AUTORELEASING = YES;
				CLANG_WARN_BOOL_CONVERSION = YES;
				CLANG_WARN_COMMA = YES;
				CLANG_WARN_CONSTANT_CONVERSION = YES;
				CLANG_WARN_DEPRECATED_OBJC_IMPLEMENTATIONS = YES;
				CLANG_WARN_DIRECT_OBJC_ISA_USAGE = YES_ERROR;
				CLANG_WARN_DOCUMENTATION_COMMENTS = YES;
				CLANG_WARN_EMPTY_BODY = YES;
				CLANG_WARN_ENUM_CONVERSION = YES;
				CLANG_WARN_INFINITE_RECURSION = YES;
				CLANG_WARN_INT_CONVERSION = YES;
				CLANG_WARN_NON_LITERAL_NULL_CONVERSION = YES;
				CLANG_WARN_OBJC_IMPLICIT_RETAIN_SELF = YES;
				CLANG_WARN_OBJC_LITERAL_CONVERSION = YES;
				CLANG_WARN_OBJC_ROOT_CLASS = YES_ERROR;
				CLANG_WARN_QUOTED_INCLUDE_IN_FRAMEWORK_HEADER = YES;
				CLANG_WARN_RANGE_LOOP_ANALYSIS = YES;
				CLANG_WARN_STRICT_PROTOTYPES = YES;
				CLANG_WARN_SUSPICIOUS_MOVE = YES;
				CLANG_WARN_UNGUARDED_AVAILABILITY = YES_AGGRESSIVE;
				CLANG_WARN_UNREACHABLE_CODE = YES;
				CLANG_WARN__DUPLICATE_METHOD_MATCH = YES;
				COPY_PHASE_STRIP = NO;
				DEBUG_INFORMATION_FORMAT = dwarf;
				ENABLE_STRICT_OBJC_MSGSEND = YES;
				ENABLE_TESTABILITY = YES;
				ENABLE_USER_SCRIPT_SANDBOXING = YES;
				GCC_C_LANGUAGE_STANDARD = gnu17;
				GCC_DYNAMIC_NO_PIC = NO;
				GCC_NO_COMMON_BLOCKS = YES;
				GCC_OPTIMIZATION_LEVEL = 0;
				GCC_PREPROCESSOR_DEFINITIONS = (
					"DEBUG=1",
					"$(inherited)",
				);
				GCC_WARN_64_TO_32_BIT_CONVERSION = YES;
				GCC_WARN_ABOUT_RETURN_TYPE = YES_ERROR;
				GCC_WARN_UNDECLARED_SELECTOR = YES;
				GCC_WARN_UNINITIALIZED_AUTOS = YES_AGGRESSIVE;
				GCC_WARN_UNUSED_FUNCTION = YES;
				GCC_WARN_UNUSED_VARIABLE = YES;
				IPHONEOS_DEPLOYMENT_TARGET = 17.4;
				LOCALIZATION_PREFERS_STRING_CATALOGS = YES;
				MTL_ENABLE_DEBUG_INFO = INCLUDE_SOURCE;
				MTL_FAST_MATH = YES;
				ONLY_ACTIVE_ARCH = YES;
				SDKROOT = iphoneos;
				SWIFT_ACTIVE_COMPILATION_CONDITIONS = "DEBUG $(inherited)";
				SWIFT_OPTIMIZATION_LEVEL = "-Onone";
			};
			name = Debug;
		};
		4718BDFD2BD54CF70081C625 /* Release */ = {
			isa = XCBuildConfiguration;
			buildSettings = {
				ALWAYS_SEARCH_USER_PATHS = NO;
				ASSETCATALOG_COMPILER_GENERATE_SWIFT_ASSET_SYMBOL_EXTENSIONS = YES;
				CLANG_ANALYZER_NONNULL = YES;
				CLANG_ANALYZER_NUMBER_OBJECT_CONVERSION = YES_AGGRESSIVE;
				CLANG_CXX_LANGUAGE_STANDARD = "gnu++20";
				CLANG_ENABLE_MODULES = YES;
				CLANG_ENABLE_OBJC_ARC = YES;
				CLANG_ENABLE_OBJC_WEAK = YES;
				CLANG_WARN_BLOCK_CAPTURE_AUTORELEASING = YES;
				CLANG_WARN_BOOL_CONVERSION = YES;
				CLANG_WARN_COMMA = YES;
				CLANG_WARN_CONSTANT_CONVERSION = YES;
				CLANG_WARN_DEPRECATED_OBJC_IMPLEMENTATIONS = YES;
				CLANG_WARN_DIRECT_OBJC_ISA_USAGE = YES_ERROR;
				CLANG_WARN_DOCUMENTATION_COMMENTS = YES;
				CLANG_WARN_EMPTY_BODY = YES;
				CLANG_WARN_ENUM_CONVERSION = YES;
				CLANG_WARN_INFINITE_RECURSION = YES;
				CLANG_WARN_INT_CONVERSION = YES;
				CLANG_WARN_NON_LITERAL_NULL_CONVERSION = YES;
				CLANG_WARN_OBJC_IMPLICIT_RETAIN_SELF = YES;
				CLANG_WARN_OBJC_LITERAL_CONVERSION = YES;
				CLANG_WARN_OBJC_ROOT_CLASS = YES_ERROR;
				CLANG_WARN_QUOTED_INCLUDE_IN_FRAMEWORK_HEADER = YES;
				CLANG_WARN_RANGE_LOOP_ANALYSIS = YES;
				CLANG_WARN_STRICT_PROTOTYPES = YES;
				CLANG_WARN_SUSPICIOUS_MOVE = YES;
				CLANG_WARN_UNGUARDED_AVAILABILITY = YES_AGGRESSIVE;
				CLANG_WARN_UNREACHABLE_CODE = YES;
				CLANG_WARN__DUPLICATE_METHOD_MATCH = YES;
				COPY_PHASE_STRIP = NO;
				DEBUG_INFORMATION_FORMAT = "dwarf-with-dsym";
				ENABLE_NS_ASSERTIONS = NO;
				ENABLE_STRICT_OBJC_MSGSEND = YES;
				ENABLE_USER_SCRIPT_SANDBOXING = YES;
				GCC_C_LANGUAGE_STANDARD = gnu17;
				GCC_NO_COMMON_BLOCKS = YES;
				GCC_WARN_64_TO_32_BIT_CONVERSION = YES;
				GCC_WARN_ABOUT_RETURN_TYPE = YES_ERROR;
				GCC_WARN_UNDECLARED_SELECTOR = YES;
				GCC_WARN_UNINITIALIZED_AUTOS = YES_AGGRESSIVE;
				GCC_WARN_UNUSED_FUNCTION = YES;
				GCC_WARN_UNUSED_VARIABLE = YES;
				IPHONEOS_DEPLOYMENT_TARGET = 17.4;
				LOCALIZATION_PREFERS_STRING_CATALOGS = YES;
				MTL_ENABLE_DEBUG_INFO = NO;
				MTL_FAST_MATH = YES;
				SDKROOT = iphoneos;
				SWIFT_COMPILATION_MODE = wholemodule;
				VALIDATE_PRODUCT = YES;
			};
			name = Release;
		};
		4718BDFF2BD54CF70081C625 /* Debug */ = {
			isa = XCBuildConfiguration;
			buildSettings = {
				ASSETCATALOG_COMPILER_APPICON_NAME = AppIcon;
				ASSETCATALOG_COMPILER_GLOBAL_ACCENT_COLOR_NAME = AccentColor;
				CODE_SIGN_STYLE = Automatic;
				CURRENT_PROJECT_VERSION = 1;
				DEVELOPMENT_ASSET_PATHS = "\"Moonshot/Preview Content\"";
				DEVELOPMENT_TEAM = 3BFN866RXT;
				ENABLE_PREVIEWS = YES;
				GENERATE_INFOPLIST_FILE = YES;
				INFOPLIST_KEY_UIApplicationSceneManifest_Generation = YES;
				INFOPLIST_KEY_UIApplicationSupportsIndirectInputEvents = YES;
				INFOPLIST_KEY_UILaunchScreen_Generation = YES;
				INFOPLIST_KEY_UISupportedInterfaceOrientations_iPad = "UIInterfaceOrientationPortrait UIInterfaceOrientationPortraitUpsideDown UIInterfaceOrientationLandscapeLeft UIInterfaceOrientationLandscapeRight";
				INFOPLIST_KEY_UISupportedInterfaceOrientations_iPhone = "UIInterfaceOrientationPortrait UIInterfaceOrientationLandscapeLeft UIInterfaceOrientationLandscapeRight";
				LD_RUNPATH_SEARCH_PATHS = (
					"$(inherited)",
					"@executable_path/Frameworks",
				);
				MARKETING_VERSION = 1.0;
				PRODUCT_BUNDLE_IDENTIFIER = me.ra.chiki.Moonshot;
				PRODUCT_NAME = "$(TARGET_NAME)";
				SWIFT_EMIT_LOC_STRINGS = YES;
				SWIFT_VERSION = 5.0;
				TARGETED_DEVICE_FAMILY = "1,2";
			};
			name = Debug;
		};
		4718BE002BD54CF70081C625 /* Release */ = {
			isa = XCBuildConfiguration;
			buildSettings = {
				ASSETCATALOG_COMPILER_APPICON_NAME = AppIcon;
				ASSETCATALOG_COMPILER_GLOBAL_ACCENT_COLOR_NAME = AccentColor;
				CODE_SIGN_STYLE = Automatic;
				CURRENT_PROJECT_VERSION = 1;
				DEVELOPMENT_ASSET_PATHS = "\"Moonshot/Preview Content\"";
				DEVELOPMENT_TEAM = 3BFN866RXT;
				ENABLE_PREVIEWS = YES;
				GENERATE_INFOPLIST_FILE = YES;
				INFOPLIST_KEY_UIApplicationSceneManifest_Generation = YES;
				INFOPLIST_KEY_UIApplicationSupportsIndirectInputEvents = YES;
				INFOPLIST_KEY_UILaunchScreen_Generation = YES;
				INFOPLIST_KEY_UISupportedInterfaceOrientations_iPad = "UIInterfaceOrientationPortrait UIInterfaceOrientationPortraitUpsideDown UIInterfaceOrientationLandscapeLeft UIInterfaceOrientationLandscapeRight";
				INFOPLIST_KEY_UISupportedInterfaceOrientations_iPhone = "UIInterfaceOrientationPortrait UIInterfaceOrientationLandscapeLeft UIInterfaceOrientationLandscapeRight";
				LD_RUNPATH_SEARCH_PATHS = (
					"$(inherited)",
					"@executable_path/Frameworks",
				);
				MARKETING_VERSION = 1.0;
				PRODUCT_BUNDLE_IDENTIFIER = me.ra.chiki.Moonshot;
				PRODUCT_NAME = "$(TARGET_NAME)";
				SWIFT_EMIT_LOC_STRINGS = YES;
				SWIFT_VERSION = 5.0;
				TARGETED_DEVICE_FAMILY = "1,2";
			};
			name = Release;
		};
/* End XCBuildConfiguration section */

/* Begin XCConfigurationList section */
		4718BDEB2BD54CF60081C625 /* Build configuration list for PBXProject "Moonshot" */ = {
			isa = XCConfigurationList;
			buildConfigurations = (
				4718BDFC2BD54CF70081C625 /* Debug */,
				4718BDFD2BD54CF70081C625 /* Release */,
			);
			defaultConfigurationIsVisible = 0;
			defaultConfigurationName = Release;
		};
		4718BDFE2BD54CF70081C625 /* Build configuration list for PBXNativeTarget "Moonshot" */ = {
			isa = XCConfigurationList;
			buildConfigurations = (
				4718BDFF2BD54CF70081C625 /* Debug */,
				4718BE002BD54CF70081C625 /* Release */,
			);
			defaultConfigurationIsVisible = 0;
			defaultConfigurationName = Release;
		};
/* End XCConfigurationList section */
	};
	rootObject = 4718BDE82BD54CF60081C625 /* Project object */;
}
